
Microsoft Visual Studio Solution File, Format Version 12.00
# Visual Studio Version 16
VisualStudioVersion = 16.0.31205.134
MinimumVisualStudioVersion = 10.0.40219.1
Project("{FAE04EC0-301F-11D3-BF4B-00C04F79EFBC}") = "V8bshage", "V8bshage\V8bshage.csproj", "{69323B29-17B3-4E56-B4B6-10C51D9E7427}"
EndProject
Global
	GlobalSection(SolutionConfigurationPlatforms) = preSolution
		Debug|Any CPU = Debug|Any CPU
		Release|Any CPU = Release|Any CPU
	EndGlobalSection
	GlobalSection(ProjectConfigurationPlatforms) = postSolution
		{69323B29-17B3-4E56-B4B6-10C51D9E7427}.Debug|Any CPU.ActiveCfg = Debug|Any CPU
		{69323B29-17B3-4E56-B4B6-10C51D9E7427}.Debug|Any CPU.Build.0 = Debug|Any CPU
		{69323B29-17B3-4E56-B4B6-10C51D9E7427}.Release|Any CPU.ActiveCfg = Release|Any CPU
		{69323B29-17B3-4E56-B4B6-10C51D9E7427}.Release|Any CPU.Build.0 = Release|Any CPU
	EndGlobalSection
	GlobalSection(SolutionProperties) = preSolution
		HideSolutionNode = FALSE
	EndGlobalSection
	GlobalSection(ExtensibilityGlobals) = postSolution
		SolutionGuid = {11F739BB-AF0F-4DB9-880B-002A82E01B8C}
	EndGlobalSection
EndGlobal
